
Microsoft Visual Studio Solution File, Format Version 12.00
# Visual Studio Version 16
VisualStudioVersion = 16.0.31313.79
MinimumVisualStudioVersion = 10.0.40219.1
Project("{FAE04EC0-301F-11D3-BF4B-00C04F79EFBC}") = "WpfApp5", "WpfApp5\WpfApp5.csproj", "{29B74263-C954-4B90-9D4E-1C3A1F4C8306}"
EndProject
Global
	GlobalSection(SolutionConfigurationPlatforms) = preSolution
		Debug|Any CPU = Debug|Any CPU
		Release|Any CPU = Release|Any CPU
	EndGlobalSection
	GlobalSection(ProjectConfigurationPlatforms) = postSolution
		{29B74263-C954-4B90-9D4E-1C3A1F4C8306}.Debug|Any CPU.ActiveCfg = Debug|Any CPU
		{29B74263-C954-4B90-9D4E-1C3A1F4C8306}.Debug|Any CPU.Build.0 = Debug|Any CPU
		{29B74263-C954-4B90-9D4E-1C3A1F4C8306}.Release|Any CPU.ActiveCfg = Release|Any CPU
		{29B74263-C954-4B90-9D4E-1C3A1F4C8306}.Release|Any CPU.Build.0 = Release|Any CPU
	EndGlobalSection
	GlobalSection(SolutionProperties) = preSolution
		HideSolutionNode = FALSE
	EndGlobalSection
	GlobalSection(ExtensibilityGlobals) = postSolution
		SolutionGuid = {FFE55D4E-FA6B-4C11-B23B-BAC6AC1AB55A}
	EndGlobalSection
EndGlobal
